
Microsoft Visual Studio Solution File, Format Version 12.00
# Visual Studio Version 17
VisualStudioVersion = 17.10.35027.167
MinimumVisualStudioVersion = 10.0.40219.1
Project("{FAE04EC0-301F-11D3-BF4B-00C04F79EFBC}") = "Token", "Token\Token.csproj", "{93B5EE7B-2580-4EDE-8952-53AA96186768}"
EndProject
Global
	GlobalSection(SolutionConfigurationPlatforms) = preSolution
		Debug|Any CPU = Debug|Any CPU
		Release|Any CPU = Release|Any CPU
	EndGlobalSection
	GlobalSection(ProjectConfigurationPlatforms) = postSolution
		{93B5EE7B-2580-4EDE-8952-53AA96186768}.Debug|Any CPU.ActiveCfg = Debug|Any CPU
		{93B5EE7B-2580-4EDE-8952-53AA96186768}.Debug|Any CPU.Build.0 = Debug|Any CPU
		{93B5EE7B-2580-4EDE-8952-53AA96186768}.Release|Any CPU.ActiveCfg = Release|Any CPU
		{93B5EE7B-2580-4EDE-8952-53AA96186768}.Release|Any CPU.Build.0 = Release|Any CPU
	EndGlobalSection
	GlobalSection(SolutionProperties) = preSolution
		HideSolutionNode = FALSE
	EndGlobalSection
	GlobalSection(ExtensibilityGlobals) = postSolution
		SolutionGuid = {5E01FA59-62A9-42F3-A171-90E92E19ABA8}
	EndGlobalSection
EndGlobal
